PODS:
  - Firebase/CoreOnly (6.2.0):
    - FirebaseCore (= 6.0.2)
  - Firebase/Messaging (6.2.0):
    - Firebase/CoreOnly
    - FirebaseMessaging (~> 4.0.2)
  - FirebaseAnalyticsInterop (1.5.0)
  - FirebaseCore (6.0.2):
    - GoogleUtilities/Environment (~> 6.0)
    - GoogleUtilities/Logger (~> 6.0)
  - FirebaseInstanceID (4.2.7):
    - FirebaseCore (~> 6.0)
    - GoogleUtilities/Environment (~> 6.0)
    - GoogleUtilities/UserDefaults (~> 6.0)
  - FirebaseMessaging (4.0.2):
    - FirebaseAnalyticsInterop (~> 1.1)
    - FirebaseCore (~> 6.0)
    - FirebaseInstanceID (~> 4.1)
    - GoogleUtilities/AppDelegateSwizzler (~> 6.2)
    - GoogleUtilities/Environment (~> 6.2)
    - GoogleUtilities/Reachability (~> 6.2)
    - GoogleUtilities/UserDefaults (~> 6.2)
    - Protobuf (~> 3.1)
  - GoogleUtilities/AppDelegateSwizzler (6.5.2):
    - GoogleUtilities/Environment
    - GoogleUtilities/Logger
    - GoogleUtilities/Network
  - GoogleUtilities/Environment (6.5.2)
  - GoogleUtilities/Logger (6.5.2):
    - GoogleUtilities/Environment
  - GoogleUtilities/Network (6.5.2):
    - GoogleUtilities/Logger
    - "GoogleUtilities/NSData+zlib"
    - GoogleUtilities/Reachability
  - "GoogleUtilities/NSData+zlib (6.5.2)"
  - GoogleUtilities/Reachability (6.5.2):
    - GoogleUtilities/Logger
  - GoogleUtilities/UserDefaults (6.5.2):
    - GoogleUtilities/Logger
  - Protobuf (3.11.4)

DEPENDENCIES:
  - Firebase/Messaging (~> 6.2.0)

SPEC REPOS:
  trunk:
    - Firebase
    - FirebaseAnalyticsInterop
    - FirebaseCore
    - FirebaseInstanceID
    - FirebaseMessaging
    - GoogleUtilities
    - Protobuf

SPEC CHECKSUMS:
  Firebase: 5965bac23e7fcb5fa6d926ed429c9ecef8a2014e
  FirebaseAnalyticsInterop: 3f86269c38ae41f47afeb43ebf32a001f58fcdae
  FirebaseCore: b0f0262acebfa540e5f97b3832dbb13186980822
  FirebaseInstanceID: ebd2ea79ee38db0cb5f5167b17a0d387e1cc7b6e
  FirebaseMessaging: 20b6626c41be7840aed7a3dd9a14003efae3d588
  GoogleUtilities: ad0f3b691c67909d03a3327cc205222ab8f42e0e
  Protobuf: 176220c526ad8bd09ab1fb40a978eac3fef665f7

PODFILE CHECKSUM: aeaf711d928bd709a6f5c12649d535e7dd48459f

COCOAPODS: 1.8.4
